
Microsoft Visual Studio Solution File, Format Version 12.00
# Visual Studio Version 17
VisualStudioVersion = 17.7.34024.191
MinimumVisualStudioVersion = 10.0.40219.1
Project("{9A19103F-16F7-4668-BE54-9A1E7A4F7556}") = "reas", "reas\reas.csproj", "{465CAC6C-0323-41BA-8ECB-411FBAC8A15B}"
EndProject
Project("{9A19103F-16F7-4668-BE54-9A1E7A4F7556}") = "service", "service\service.csproj", "{28A3F8A3-FA5F-42F9-95E0-6291AEEC4B15}"
EndProject
Project("{9A19103F-16F7-4668-BE54-9A1E7A4F7556}") = "repository", "repository\repository.csproj", "{659D6D51-21CA-4660-BD1B-2DDA87505B74}"
EndProject
Project("{9A19103F-16F7-4668-BE54-9A1E7A4F7556}") = "DAO", "DAO\DAO.csproj", "{F042E069-FF84-4ABA-AD9E-52FF7231C1FD}"
EndProject
Project("{FAE04EC0-301F-11D3-BF4B-00C04F79EFBC}") = "BusinessObject", "BusinessObject\BusinessObject.csproj", "{4BF2FE9A-C941-4D37-932F-6F14A25511EF}"
EndProject
Global
	GlobalSection(SolutionConfigurationPlatforms) = preSolution
		Debug|Any CPU = Debug|Any CPU
		Release|Any CPU = Release|Any CPU
	EndGlobalSection
	GlobalSection(ProjectConfigurationPlatforms) = postSolution
		{465CAC6C-0323-41BA-8ECB-411FBAC8A15B}.Debug|Any CPU.ActiveCfg = Debug|Any CPU
		{465CAC6C-0323-41BA-8ECB-411FBAC8A15B}.Debug|Any CPU.Build.0 = Debug|Any CPU
		{465CAC6C-0323-41BA-8ECB-411FBAC8A15B}.Release|Any CPU.ActiveCfg = Release|Any CPU
		{465CAC6C-0323-41BA-8ECB-411FBAC8A15B}.Release|Any CPU.Build.0 = Release|Any CPU
		{28A3F8A3-FA5F-42F9-95E0-6291AEEC4B15}.Debug|Any CPU.ActiveCfg = Debug|Any CPU
		{28A3F8A3-FA5F-42F9-95E0-6291AEEC4B15}.Debug|Any CPU.Build.0 = Debug|Any CPU
		{28A3F8A3-FA5F-42F9-95E0-6291AEEC4B15}.Release|Any CPU.ActiveCfg = Release|Any CPU
		{28A3F8A3-FA5F-42F9-95E0-6291AEEC4B15}.Release|Any CPU.Build.0 = Release|Any CPU
		{659D6D51-21CA-4660-BD1B-2DDA87505B74}.Debug|Any CPU.ActiveCfg = Debug|Any CPU
		{659D6D51-21CA-4660-BD1B-2DDA87505B74}.Debug|Any CPU.Build.0 = Debug|Any CPU
		{659D6D51-21CA-4660-BD1B-2DDA87505B74}.Release|Any CPU.ActiveCfg = Release|Any CPU
		{659D6D51-21CA-4660-BD1B-2DDA87505B74}.Release|Any CPU.Build.0 = Release|Any CPU
		{F042E069-FF84-4ABA-AD9E-52FF7231C1FD}.Debug|Any CPU.ActiveCfg = Debug|Any CPU
		{F042E069-FF84-4ABA-AD9E-52FF7231C1FD}.Debug|Any CPU.Build.0 = Debug|Any CPU
		{F042E069-FF84-4ABA-AD9E-52FF7231C1FD}.Release|Any CPU.ActiveCfg = Release|Any CPU
		{F042E069-FF84-4ABA-AD9E-52FF7231C1FD}.Release|Any CPU.Build.0 = Release|Any CPU
		{4BF2FE9A-C941-4D37-932F-6F14A25511EF}.Debug|Any CPU.ActiveCfg = Debug|Any CPU
		{4BF2FE9A-C941-4D37-932F-6F14A25511EF}.Debug|Any CPU.Build.0 = Debug|Any CPU
		{4BF2FE9A-C941-4D37-932F-6F14A25511EF}.Release|Any CPU.ActiveCfg = Release|Any CPU
		{4BF2FE9A-C941-4D37-932F-6F14A25511EF}.Release|Any CPU.Build.0 = Release|Any CPU
	EndGlobalSection
	GlobalSection(SolutionProperties) = preSolution
		HideSolutionNode = FALSE
	EndGlobalSection
	GlobalSection(ExtensibilityGlobals) = postSolution
		SolutionGuid = {274C6478-1814-4C97-B939-69114F37D50F}
	EndGlobalSection
EndGlobal
